// !$*UTF8*$!
{
	archiveVersion = 1;
	classes = {
	};
	objectVersion = 50;
	objects = {

/* Begin PBXBuildFile section */
		2789ED4F24F469D0000B2F34 /* Coffee.swift in Sources */ = {isa = PBXBuildFile; fileRef = 2789ED4E24F469D0000B2F34 /* Coffee.swift */; };
		2789ED5124F469DD000B2F34 /* Coffee.swift in Sources */ = {isa = PBXBuildFile; fileRef = 2789ED5024F469DD000B2F34 /* Coffee.swift */; };
		279BB5F124F116B1007E5833 /* AppDelegate.swift in Sources */ = {isa = PBXBuildFile; fileRef = 279BB5F024F116B1007E5833 /* AppDelegate.swift */; };
		279BB5F324F116B1007E5833 /* SceneDelegate.swift in Sources */ = {isa = PBXBuildFile; fileRef = 279BB5F224F116B1007E5833 /* SceneDelegate.swift */; };
		279BB5F524F116B1007E5833 /* ViewController.swift in Sources */ = {isa = PBXBuildFile; fileRef = 279BB5F424F116B1007E5833 /* ViewController.swift */; };
		279BB5F824F116B1007E5833 /* Main.storyboard in Resources */ = {isa = PBXBuildFile; fileRef = 279BB5F624F116B1007E5833 /* Main.storyboard */; };
		279BB5FA24F116B4007E5833 /* Assets.xcassets in Resources */ = {isa = PBXBuildFile; fileRef = 279BB5F924F116B4007E5833 /* Assets.xcassets */; };
		279BB5FD24F116B4007E5833 /* LaunchScreen.storyboard in Resources */ = {isa = PBXBuildFile; fileRef = 279BB5FB24F116B4007E5833 /* LaunchScreen.storyboard */; };
		279BB61524F12162007E5833 /* ViewController.swift in Sources */ = {isa = PBXBuildFile; fileRef = 279BB5F424F116B1007E5833 /* ViewController.swift */; };
		279BB61624F12162007E5833 /* AppDelegate.swift in Sources */ = {isa = PBXBuildFile; fileRef = 279BB5F024F116B1007E5833 /* AppDelegate.swift */; };
		279BB61724F12162007E5833 /* SceneDelegate.swift in Sources */ = {isa = PBXBuildFile; fileRef = 279BB5F224F116B1007E5833 /* SceneDelegate.swift */; };
		279BB61A24F12162007E5833 /* LaunchScreen.storyboard in Resources */ = {isa = PBXBuildFile; fileRef = 279BB5FB24F116B4007E5833 /* LaunchScreen.storyboard */; };
		279BB61B24F12162007E5833 /* Assets.xcassets in Resources */ = {isa = PBXBuildFile; fileRef = 279BB5F924F116B4007E5833 /* Assets.xcassets */; };
		279BB61C24F12162007E5833 /* Main.storyboard in Resources */ = {isa = PBXBuildFile; fileRef = 279BB5F624F116B1007E5833 /* Main.storyboard */; };
/* End PBXBuildFile section */

/* Begin PBXFileReference section */
		2789ED4E24F469D0000B2F34 /* Coffee.swift */ = {isa = PBXFileReference; lastKnownFileType = sourcecode.swift; path = Coffee.swift; sourceTree = "<group>"; };
		2789ED5024F469DD000B2F34 /* Coffee.swift */ = {isa = PBXFileReference; lastKnownFileType = sourcecode.swift; path = Coffee.swift; sourceTree = "<group>"; };
		279BB5ED24F116B1007E5833 /* TestCoffee.app */ = {isa = PBXFileReference; explicitFileType = wrapper.application; includeInIndex = 0; path = TestCoffee.app; sourceTree = BUILT_PRODUCTS_DIR; };
		279BB5F024F116B1007E5833 /* AppDelegate.swift */ = {isa = PBXFileReference; lastKnownFileType = sourcecode.swift; path = AppDelegate.swift; sourceTree = "<group>"; };
		279BB5F224F116B1007E5833 /* SceneDelegate.swift */ = {isa = PBXFileReference; lastKnownFileType = sourcecode.swift; path = SceneDelegate.swift; sourceTree = "<group>"; };
		279BB5F424F116B1007E5833 /* ViewController.swift */ = {isa = PBXFileReference; lastKnownFileType = sourcecode.swift; path = ViewController.swift; sourceTree = "<group>"; };
		279BB5F724F116B1007E5833 /* Base */ = {isa = PBXFileReference; lastKnownFileType = file.storyboard; name = Base; path = Base.lproj/Main.storyboard; sourceTree = "<group>"; };
		279BB5F924F116B4007E5833 /* Assets.xcassets */ = {isa = PBXFileReference; lastKnownFileType = folder.assetcatalog; path = Assets.xcassets; sourceTree = "<group>"; };
		279BB5FC24F116B4007E5833 /* Base */ = {isa = PBXFileReference; lastKnownFileType = file.storyboard; name = Base; path = Base.lproj/LaunchScreen.storyboard; sourceTree = "<group>"; };
		279BB5FE24F116B4007E5833 /* TestCoffee-Info.plist */ = {isa = PBXFileReference; lastKnownFileType = text.plist.xml; name = "TestCoffee-Info.plist"; path = "/Users/Mike/Documents/Xcode/RockAndNull/TestCoffee/TestCoffee/Resources/TestCoffee/TestCoffee-Info.plist"; sourceTree = "<absolute>"; };
		279BB62024F12162007E5833 /* RealCoffee.app */ = {isa = PBXFileReference; explicitFileType = wrapper.application; includeInIndex = 0; path = RealCoffee.app; sourceTree = BUILT_PRODUCTS_DIR; };
		279BB62124F12162007E5833 /* RealCoffee-Info.plist */ = {isa = PBXFileReference; lastKnownFileType = text.plist.xml; name = "RealCoffee-Info.plist"; path = "/Users/Mike/Documents/Xcode/RockAndNull/TestCoffee/RealCoffee-Info.plist"; sourceTree = "<absolute>"; };
/* End PBXFileReference section */

/* Begin PBXFrameworksBuildPhase section */
		279BB5EA24F116B1007E5833 /* Frameworks */ = {
			isa = PBXFrameworksBuildPhase;
			buildActionMask = 2147483647;
			files = (
			);
			runOnlyForDeploymentPostprocessing = 0;
		};
		279BB61824F12162007E5833 /* Frameworks */ = {
			isa = PBXFrameworksBuildPhase;
			buildActionMask = 2147483647;
			files = (
			);
			runOnlyForDeploymentPostprocessing = 0;
		};
/* End PBXFrameworksBuildPhase section */

/* Begin PBXGroup section */
		2789ED4824F42E53000B2F34 /* Resources */ = {
			isa = PBXGroup;
			children = (
				2789ED4A24F42E7A000B2F34 /* TestCoffee */,
				2789ED4924F42E72000B2F34 /* RealCoffee */,
			);
			path = Resources;
			sourceTree = "<group>";
		};
		2789ED4924F42E72000B2F34 /* RealCoffee */ = {
			isa = PBXGroup;
			children = (
				279BB62124F12162007E5833 /* RealCoffee-Info.plist */,
				2789ED5024F469DD000B2F34 /* Coffee.swift */,
			);
			path = RealCoffee;
			sourceTree = "<group>";
		};
		2789ED4A24F42E7A000B2F34 /* TestCoffee */ = {
			isa = PBXGroup;
			children = (
				279BB5FE24F116B4007E5833 /* TestCoffee-Info.plist */,
				2789ED4E24F469D0000B2F34 /* Coffee.swift */,
			);
			path = TestCoffee;
			sourceTree = "<group>";
		};
		279BB5E424F116B1007E5833 = {
			isa = PBXGroup;
			children = (
				279BB5EF24F116B1007E5833 /* TestCoffee */,
				279BB5EE24F116B1007E5833 /* Products */,
			);
			sourceTree = "<group>";
		};
		279BB5EE24F116B1007E5833 /* Products */ = {
			isa = PBXGroup;
			children = (
				279BB5ED24F116B1007E5833 /* TestCoffee.app */,
				279BB62024F12162007E5833 /* RealCoffee.app */,
			);
			name = Products;
			sourceTree = "<group>";
		};
		279BB5EF24F116B1007E5833 /* TestCoffee */ = {
			isa = PBXGroup;
			children = (
				2789ED4824F42E53000B2F34 /* Resources */,
				279BB5F024F116B1007E5833 /* AppDelegate.swift */,
				279BB5F224F116B1007E5833 /* SceneDelegate.swift */,
				279BB5F424F116B1007E5833 /* ViewController.swift */,
				279BB5F624F116B1007E5833 /* Main.storyboard */,
				279BB5F924F116B4007E5833 /* Assets.xcassets */,
				279BB5FB24F116B4007E5833 /* LaunchScreen.storyboard */,
			);
			path = TestCoffee;
			sourceTree = "<group>";
		};
/* End PBXGroup section */

/* Begin PBXNativeTarget section */
		279BB5EC24F116B1007E5833 /* TestCoffee */ = {
			isa = PBXNativeTarget;
			buildConfigurationList = 279BB60124F116B4007E5833 /* Build configuration list for PBXNativeTarget "TestCoffee" */;
			buildPhases = (
				279BB5E924F116B1007E5833 /* Sources */,
				279BB5EA24F116B1007E5833 /* Frameworks */,
				279BB5EB24F116B1007E5833 /* Resources */,
			);
			buildRules = (
			);
			dependencies = (
			);
			name = TestCoffee;
			productName = TestCoffee;
			productReference = 279BB5ED24F116B1007E5833 /* TestCoffee.app */;
			productType = "com.apple.product-type.application";
		};
		279BB61324F12162007E5833 /* RealCoffee */ = {
			isa = PBXNativeTarget;
			buildConfigurationList = 279BB61D24F12162007E5833 /* Build configuration list for PBXNativeTarget "RealCoffee" */;
			buildPhases = (
				279BB61424F12162007E5833 /* Sources */,
				279BB61824F12162007E5833 /* Frameworks */,
				279BB61924F12162007E5833 /* Resources */,
			);
			buildRules = (
			);
			dependencies = (
			);
			name = RealCoffee;
			productName = TestCoffee;
			productReference = 279BB62024F12162007E5833 /* RealCoffee.app */;
			productType = "com.apple.product-type.application";
		};
/* End PBXNativeTarget section */

/* Begin PBXProject section */
		279BB5E524F116B1007E5833 /* Project object */ = {
			isa = PBXProject;
			attributes = {
				LastSwiftUpdateCheck = 1140;
				LastUpgradeCheck = 1140;
				ORGANIZATIONNAME = RockAndNull;
				TargetAttributes = {
					279BB5EC24F116B1007E5833 = {
						CreatedOnToolsVersion = 11.4.1;
					};
				};
			};
			buildConfigurationList = 279BB5E824F116B1007E5833 /* Build configuration list for PBXProject "TestCoffee" */;
			compatibilityVersion = "Xcode 9.3";
			developmentRegion = en;
			hasScannedForEncodings = 0;
			knownRegions = (
				en,
				Base,
			);
			mainGroup = 279BB5E424F116B1007E5833;
			productRefGroup = 279BB5EE24F116B1007E5833 /* Products */;
			projectDirPath = "";
			projectRoot = "";
			targets = (
				279BB5EC24F116B1007E5833 /* TestCoffee */,
				279BB61324F12162007E5833 /* RealCoffee */,
			);
		};
/* End PBXProject section */

/* Begin PBXResourcesBuildPhase section */
		279BB5EB24F116B1007E5833 /* Resources */ = {
			isa = PBXResourcesBuildPhase;
			buildActionMask = 2147483647;
			files = (
				279BB5FD24F116B4007E5833 /* LaunchScreen.storyboard in Resources */,
				279BB5FA24F116B4007E5833 /* Assets.xcassets in Resources */,
				279BB5F824F116B1007E5833 /* Main.storyboard in Resources */,
			);
			runOnlyForDeploymentPostprocessing = 0;
		};
		279BB61924F12162007E5833 /* Resources */ = {
			isa = PBXResourcesBuildPhase;
			buildActionMask = 2147483647;
			files = (
				279BB61A24F12162007E5833 /* LaunchScreen.storyboard in Resources */,
				279BB61B24F12162007E5833 /* Assets.xcassets in Resources */,
				279BB61C24F12162007E5833 /* Main.storyboard in Resources */,
			);
			runOnlyForDeploymentPostprocessing = 0;
		};
/* End PBXResourcesBuildPhase section */

/* Begin PBXSourcesBuildPhase section */
		279BB5E924F116B1007E5833 /* Sources */ = {
			isa = PBXSourcesBuildPhase;
			buildActionMask = 2147483647;
			files = (
				279BB5F524F116B1007E5833 /* ViewController.swift in Sources */,
				279BB5F124F116B1007E5833 /* AppDelegate.swift in Sources */,
				279BB5F324F116B1007E5833 /* SceneDelegate.swift in Sources */,
				2789ED4F24F469D0000B2F34 /* Coffee.swift in Sources */,
			);
			runOnlyForDeploymentPostprocessing = 0;
		};
		279BB61424F12162007E5833 /* Sources */ = {
			isa = PBXSourcesBuildPhase;
			buildActionMask = 2147483647;
			files = (
				279BB61524F12162007E5833 /* ViewController.swift in Sources */,
				279BB61624F12162007E5833 /* AppDelegate.swift in Sources */,
				279BB61724F12162007E5833 /* SceneDelegate.swift in Sources */,
				2789ED5124F469DD000B2F34 /* Coffee.swift in Sources */,
			);
			runOnlyForDeploymentPostprocessing = 0;
		};
/* End PBXSourcesBuildPhase section */

/* Begin PBXVariantGroup section */
		279BB5F624F116B1007E5833 /* Main.storyboard */ = {
			isa = PBXVariantGroup;
			children = (
				279BB5F724F116B1007E5833 /* Base */,
			);
			name = Main.storyboard;
			sourceTree = "<group>";
		};
		279BB5FB24F116B4007E5833 /* LaunchScreen.storyboard */ = {
			isa = PBXVariantGroup;
			children = (
				279BB5FC24F116B4007E5833 /* Base */,
			);
			name = LaunchScreen.storyboard;
			sourceTree = "<group>";
		};
/* End PBXVariantGroup section */

/* Begin XCBuildConfiguration section */
		279BB5FF24F116B4007E5833 /* Debug */ = {
			isa = XCBuildConfiguration;
			buildSettings = {
				ALWAYS_SEARCH_USER_PATHS = NO;
				CLANG_ANALYZER_NONNULL = YES;
				CLANG_ANALYZER_NUMBER_OBJECT_CONVERSION = YES_AGGRESSIVE;
				CLANG_CXX_LANGUAGE_STANDARD = "gnu++14";
				CLANG_CXX_LIBRARY = "libc++";
				CLANG_ENABLE_MODULES = YES;
				CLANG_ENABLE_OBJC_ARC = YES;
				CLANG_ENABLE_OBJC_WEAK = YES;
				CLANG_WARN_BLOCK_CAPTURE_AUTORELEASING = YES;
				CLANG_WARN_BOOL_CONVERSION = YES;
				CLANG_WARN_COMMA = YES;
				CLANG_WARN_CONSTANT_CONVERSION = YES;
				CLANG_WARN_DEPRECATED_OBJC_IMPLEMENTATIONS = YES;
				CLANG_WARN_DIRECT_OBJC_ISA_USAGE = YES_ERROR;
				CLANG_WARN_DOCUMENTATION_COMMENTS = YES;
				CLANG_WARN_EMPTY_BODY = YES;
				CLANG_WARN_ENUM_CONVERSION = YES;
				CLANG_WARN_INFINITE_RECURSION = YES;
				CLANG_WARN_INT_CONVERSION = YES;
				CLANG_WARN_NON_LITERAL_NULL_CONVERSION = YES;
				CLANG_WARN_OBJC_IMPLICIT_RETAIN_SELF = YES;
				CLANG_WARN_OBJC_LITERAL_CONVERSION = YES;
				CLANG_WARN_OBJC_ROOT_CLASS = YES_ERROR;
				CLANG_WARN_RANGE_LOOP_ANALYSIS = YES;
				CLANG_WARN_STRICT_PROTOTYPES = YES;
				CLANG_WARN_SUSPICIOUS_MOVE = YES;
				CLANG_WARN_UNGUARDED_AVAILABILITY = YES_AGGRESSIVE;
				CLANG_WARN_UNREACHABLE_CODE = YES;
				CLANG_WARN__DUPLICATE_METHOD_MATCH = YES;
				COPY_PHASE_STRIP = NO;
				DEBUG_INFORMATION_FORMAT = dwarf;
				ENABLE_STRICT_OBJC_MSGSEND = YES;
				ENABLE_TESTABILITY = YES;
				GCC_C_LANGUAGE_STANDARD = gnu11;
				GCC_DYNAMIC_NO_PIC = NO;
				GCC_NO_COMMON_BLOCKS = YES;
				GCC_OPTIMIZATION_LEVEL = 0;
				GCC_PREPROCESSOR_DEFINITIONS = (
					"DEBUG=1",
					"$(inherited)",
				);
				GCC_WARN_64_TO_32_BIT_CONVERSION = YES;
				GCC_WARN_ABOUT_RETURN_TYPE = YES_ERROR;
				GCC_WARN_UNDECLARED_SELECTOR = YES;
				GCC_WARN_UNINITIALIZED_AUTOS = YES_AGGRESSIVE;
				GCC_WARN_UNUSED_FUNCTION = YES;
				GCC_WARN_UNUSED_VARIABLE = YES;
				IPHONEOS_DEPLOYMENT_TARGET = 13.4;
				MTL_ENABLE_DEBUG_INFO = INCLUDE_SOURCE;
				MTL_FAST_MATH = YES;
				ONLY_ACTIVE_ARCH = YES;
				SDKROOT = iphoneos;
				SWIFT_ACTIVE_COMPILATION_CONDITIONS = DEBUG;
				SWIFT_OPTIMIZATION_LEVEL = "-Onone";
			};
			name = Debug;
		};
		279BB60024F116B4007E5833 /* Release */ = {
			isa = XCBuildConfiguration;
			buildSettings = {
				ALWAYS_SEARCH_USER_PATHS = NO;
				CLANG_ANALYZER_NONNULL = YES;
				CLANG_ANALYZER_NUMBER_OBJECT_CONVERSION = YES_AGGRESSIVE;
				CLANG_CXX_LANGUAGE_STANDARD = "gnu++14";
				CLANG_CXX_LIBRARY = "libc++";
				CLANG_ENABLE_MODULES = YES;
				CLANG_ENABLE_OBJC_ARC = YES;
				CLANG_ENABLE_OBJC_WEAK = YES;
				CLANG_WARN_BLOCK_CAPTURE_AUTORELEASING = YES;
				CLANG_WARN_BOOL_CONVERSION = YES;
				CLANG_WARN_COMMA = YES;
				CLANG_WARN_CONSTANT_CONVERSION = YES;
				CLANG_WARN_DEPRECATED_OBJC_IMPLEMENTATIONS = YES;
				CLANG_WARN_DIRECT_OBJC_ISA_USAGE = YES_ERROR;
				CLANG_WARN_DOCUMENTATION_COMMENTS = YES;
				CLANG_WARN_EMPTY_BODY = YES;
				CLANG_WARN_ENUM_CONVERSION = YES;
				CLANG_WARN_INFINITE_RECURSION = YES;
				CLANG_WARN_INT_CONVERSION = YES;
				CLANG_WARN_NON_LITERAL_NULL_CONVERSION = YES;
				CLANG_WARN_OBJC_IMPLICIT_RETAIN_SELF = YES;
				CLANG_WARN_OBJC_LITERAL_CONVERSION = YES;
				CLANG_WARN_OBJC_ROOT_CLASS = YES_ERROR;
				CLANG_WARN_RANGE_LOOP_ANALYSIS = YES;
				CLANG_WARN_STRICT_PROTOTYPES = YES;
				CLANG_WARN_SUSPICIOUS_MOVE = YES;
				CLANG_WARN_UNGUARDED_AVAILABILITY = YES_AGGRESSIVE;
				CLANG_WARN_UNREACHABLE_CODE = YES;
				CLANG_WARN__DUPLICATE_METHOD_MATCH = YES;
				COPY_PHASE_STRIP = NO;
				DEBUG_INFORMATION_FORMAT = "dwarf-with-dsym";
				ENABLE_NS_ASSERTIONS = NO;
				ENABLE_STRICT_OBJC_MSGSEND = YES;
				GCC_C_LANGUAGE_STANDARD = gnu11;
				GCC_NO_COMMON_BLOCKS = YES;
				GCC_WARN_64_TO_32_BIT_CONVERSION = YES;
				GCC_WARN_ABOUT_RETURN_TYPE = YES_ERROR;
				GCC_WARN_UNDECLARED_SELECTOR = YES;
				GCC_WARN_UNINITIALIZED_AUTOS = YES_AGGRESSIVE;
				GCC_WARN_UNUSED_FUNCTION = YES;
				GCC_WARN_UNUSED_VARIABLE = YES;
				IPHONEOS_DEPLOYMENT_TARGET = 13.4;
				MTL_ENABLE_DEBUG_INFO = NO;
				MTL_FAST_MATH = YES;
				SDKROOT = iphoneos;
				SWIFT_COMPILATION_MODE = wholemodule;
				SWIFT_OPTIMIZATION_LEVEL = "-O";
				VALIDATE_PRODUCT = YES;
			};
			name = Release;
		};
		279BB60224F116B4007E5833 /* Debug */ = {
			isa = XCBuildConfiguration;
			buildSettings = {
				ASSETCATALOG_COMPILER_APPICON_NAME = AppIcon;
				CODE_SIGN_STYLE = Automatic;
				DEVELOPMENT_TEAM = JSY962FCU8;
				INFOPLIST_FILE = "$(SRCROOT)/TestCoffee/Resources/TestCoffee/TestCoffee-Info.plist";
				IPHONEOS_DEPLOYMENT_TARGET = 13.0;
				LD_RUNPATH_SEARCH_PATHS = (
					"$(inherited)",
					"@executable_path/Frameworks",
				);
				PRODUCT_BUNDLE_IDENTIFIER = rockandnull.com.TestCoffee;
				PRODUCT_NAME = "$(TARGET_NAME)";
				SWIFT_VERSION = 5.0;
				TARGETED_DEVICE_FAMILY = "1,2";
			};
			name = Debug;
		};
		279BB60324F116B4007E5833 /* Release */ = {
			isa = XCBuildConfiguration;
			buildSettings = {
				ASSETCATALOG_COMPILER_APPICON_NAME = AppIcon;
				CODE_SIGN_STYLE = Automatic;
				DEVELOPMENT_TEAM = JSY962FCU8;
				INFOPLIST_FILE = "$(SRCROOT)/TestCoffee/Resources/TestCoffee/TestCoffee-Info.plist";
				IPHONEOS_DEPLOYMENT_TARGET = 13.0;
				LD_RUNPATH_SEARCH_PATHS = (
					"$(inherited)",
					"@executable_path/Frameworks",
				);
				PRODUCT_BUNDLE_IDENTIFIER = rockandnull.com.TestCoffee;
				PRODUCT_NAME = "$(TARGET_NAME)";
				SWIFT_VERSION = 5.0;
				TARGETED_DEVICE_FAMILY = "1,2";
			};
			name = Release;
		};
		279BB61E24F12162007E5833 /* Debug */ = {
			isa = XCBuildConfiguration;
			buildSettings = {
				ASSETCATALOG_COMPILER_APPICON_NAME = AppIcon;
				CODE_SIGN_STYLE = Automatic;
				DEVELOPMENT_TEAM = JSY962FCU8;
				INFOPLIST_FILE = "RealCoffee-Info.plist";
				IPHONEOS_DEPLOYMENT_TARGET = 13.0;
				LD_RUNPATH_SEARCH_PATHS = (
					"$(inherited)",
					"@executable_path/Frameworks",
				);
				PRODUCT_BUNDLE_IDENTIFIER = rockandnull.com.RealCoffee;
				PRODUCT_NAME = RealCoffee;
				SWIFT_VERSION = 5.0;
				TARGETED_DEVICE_FAMILY = "1,2";
			};
			name = Debug;
		};
		279BB61F24F12162007E5833 /* Release */ = {
			isa = XCBuildConfiguration;
			buildSettings = {
				ASSETCATALOG_COMPILER_APPICON_NAME = AppIcon;
				CODE_SIGN_STYLE = Automatic;
				DEVELOPMENT_TEAM = JSY962FCU8;
				INFOPLIST_FILE = "RealCoffee-Info.plist";
				IPHONEOS_DEPLOYMENT_TARGET = 13.0;
				LD_RUNPATH_SEARCH_PATHS = (
					"$(inherited)",
					"@executable_path/Frameworks",
				);
				PRODUCT_BUNDLE_IDENTIFIER = rockandnull.com.RealCoffee;
				PRODUCT_NAME = RealCoffee;
				SWIFT_VERSION = 5.0;
				TARGETED_DEVICE_FAMILY = "1,2";
			};
			name = Release;
		};
/* End XCBuildConfiguration section */

/* Begin XCConfigurationList section */
		279BB5E824F116B1007E5833 /* Build configuration list for PBXProject "TestCoffee" */ = {
			isa = XCConfigurationList;
			buildConfigurations = (
				279BB5FF24F116B4007E5833 /* Debug */,
				279BB60024F116B4007E5833 /* Release */,
			);
			defaultConfigurationIsVisible = 0;
			defaultConfigurationName = Release;
		};
		279BB60124F116B4007E5833 /* Build configuration list for PBXNativeTarget "TestCoffee" */ = {
			isa = XCConfigurationList;
			buildConfigurations = (
				279BB60224F116B4007E5833 /* Debug */,
				279BB60324F116B4007E5833 /* Release */,
			);
			defaultConfigurationIsVisible = 0;
			defaultConfigurationName = Release;
		};
		279BB61D24F12162007E5833 /* Build configuration list for PBXNativeTarget "RealCoffee" */ = {
			isa = XCConfigurationList;
			buildConfigurations = (
				279BB61E24F12162007E5833 /* Debug */,
				279BB61F24F12162007E5833 /* Release */,
			);
			defaultConfigurationIsVisible = 0;
			defaultConfigurationName = Release;
		};
/* End XCConfigurationList section */
	};
	rootObject = 279BB5E524F116B1007E5833 /* Project object */;
}
